github.com/davecgh/go-spew v1.1.1 h1:vj9j/u1bqnvCEfJOwUhtlOARqs3+rkHYY13jYWTU97c=
github.com/davecgh/go-spew v1.1.1/go.mod h1:J7Y8YcW2NihsgmVo/mv3lAwl/skON4iLHjSsI+c5H38=
github.com/google/go-cmp v0.7.0 h1:wk8382ETsv4JYUZwIsn6YpYiWiBsYLSJiTsyBybVuN8=
github.com/google/go-cmp v0.7.0/go.mod h1:pXiqmnSA92OHEEa9HXL2W4E7lf9JzCmGVUdgjX3N/iU=
github.com/klauspost/compress v1.20.0 h1:a3C1ke2ohxFymNlb2HWAHjDeKCI90scRskErZkR0ezA=
github.com/klauspost/compress v1.20.0/go.mod h1:LUdAzn7YLVvxLpc7y3V1m40wESHTgc1422pwwBSKYuI=
github.com/pierrec/lz4/v4 v4.1.30 h1:cchX8N2DVP668WkElI9QMwVyoNabLkq1LofDHFeIrdg=
github.com/pierrec/lz4/v4 v4.1.30/go.mod h1:EoQMVJgeeEOMsCqCzqFm2O0cJvljX2nGZjcRIPL34O4=
github.com/pmezard/go-difflib v1.0.0 h1:4DBwDE0NGyQoBHbLQYPwSUPoCMWR5BEzIk/f1lZbAQM=
github.com/pmezard/go-difflib v1.0.0/go.mod h1:iKH77koFhYxTK1pcRnkKkqfTogsbg7gZNVY4sRDYZ/4=
github.com/samber/lo v1.53.0 h1:t975lj2py4kJPQ6haz1QMgtId2gtmfktACxIXArw3HM=
github.com/samber/lo v1.53.0/go.mod h1:4+MXEGsJzbKGaUEQFKBq2xtfuznW9oz/WrgyzMzRoM0=
github.com/stretchr/testify v1.8.0 h1:pSgiaMZlXftHpm5L7V1+rVB+AZJydKsMxsQBIJw4PKk=
github.com/stretchr/testify v1.8.0/go.mod h1:yNjHg4UonilssWZ8iaSj1OCr/vHnekPRkoO+kdMU+MU=
github.com/twmb/franz-go v1.22.0 h1:/CN0IfwJIlkO8ml78sR+1nfciyJ1qzf/ebp2lJeTnus=
github.com/twmb/franz-go v1.22.0/go.mod h1:b2qISbZgMTJRcIsltVqPz4+Bb2Lw/9bN+/Gd0C07kYw=
github.com/twmb/franz-go/pkg/kadm v1.19.0 h1:5Nx/WWFkpNUi8Z55Skxvn9x5HOCjw+BUntSNB1kLglk=
github.com/twmb/franz-go/pkg/kadm v1.19.0/go.mod h1:emmsx5J7YPU9A7UHcSoz0fBMYVmCcJO2etylJeU0VHU=
github.com/twmb/franz-go/pkg/kfake v0.0.0-20260918165059-79db0ce448c6 h1:gavwTjgBk2BYdz7OcP4/Dft7lsNwmrv8+iB7T29Kads=
github.com/twmb/franz-go/pkg/kfake v0.0.0-20260918165059-79db0ce448c6/go.mod h1:TG+7GhIS2HEiBNWJUb+2m0F+rB87IbU7WtWSWBDnOL4=
github.com/twmb/franz-go/pkg/kmsg v1.14.0 h1:gSxrBEKWl3qnsx3QKWol5OEVujuPmIoDkhMt3didFKM=
github.com/twmb/franz-go/pkg/kmsg v1.14.0/go.mod h1:+DPt4NC8RmI6hqb8G09+3giKObE6uD2Eya6CfqBpeJY=
github.com/twmb/franz-go/plugin/kslog v1.0.0 h1:I64oEmF+0PDvmyLgwrlOtg4mfpSE9GwlcLxM4af2t60=
github.com/twmb/franz-go/plugin/kslog v1.0.0/go.mod h1:8pMjK3OJJJNNYddBSbnXZkIK5dCKFIk9GcVVCDgvnQc=
go.uber.org/goleak v1.3.0 h1:2K3zAYmnTNqV73imy9J1T3WC+gmCePx2hEGkimedGto=
go.uber.org/goleak v1.3.0/go.mod h1:CoHD4mav9JJNrW/WLlf7HGZPjdw8EucARQHekz1X6bE=
golang.org/x/text v0.22.0 h1:bofq7m3/HAFvbF51jz3Q9wLg3jkvSPuiZu/pD1XwgtM=
golang.org/x/text v0.22.0/go.mod h1:YRoo4H8PVmsu+E3Ou7cqLVH8oXWIHVoX0jqUWALQhfY=
gopkg.in/yaml.v3 v3.0.1 h1:fxVm/GzAzEWqLHuvctI91KS9hhNmmWOoWu0XTYJS7CA=
gopkg.in/yaml.v3 v3.0.1/go.mod h1:K4uyk7z7BCEPqu6E+C64Yfv1cQ7kz7rIZviUmN+EgEM=
